
Microsoft Visual Studio Solution File, Format Version 12.00
Project("{FAE04EC0-301F-11D3-BF4B-00C04F79EFBC}") = "Shaker", "Shaker\Shaker.csproj", "{8157432A-7DEC-4157-83DD-E41D75B2F896}"
EndProject
Global
	GlobalSection(SolutionConfigurationPlatforms) = preSolution
		Debug|Any CPU = Debug|Any CPU
		Release|Any CPU = Release|Any CPU
	EndGlobalSection
	GlobalSection(ProjectConfigurationPlatforms) = postSolution
		{8157432A-7DEC-4157-83DD-E41D75B2F896}.Debug|Any CPU.ActiveCfg = Debug|Any CPU
		{8157432A-7DEC-4157-83DD-E41D75B2F896}.Debug|Any CPU.Build.0 = Debug|Any CPU
		{8157432A-7DEC-4157-83DD-E41D75B2F896}.Release|Any CPU.ActiveCfg = Release|Any CPU
		{8157432A-7DEC-4157-83DD-E41D75B2F896}.Release|Any CPU.Build.0 = Release|Any CPU
	EndGlobalSection
EndGlobal
